dependencies:
- name: mysql
  repository: https://charts.bitnami.com/bitnami
  version: ~6.14.4
- name: nginx-ingress-controller
  repository: https://charts.bitnami.com/bitnami
  version: ~5.3.24
- name: redis
  repository: https://charts.bitnami.com/bitnami
  version: ~10.7.16
digest: sha256:d49da059f5bf21a081fa4ca39bcf366dd6967be1e8c2c619ab8aa47e407a6268
generated: "2020-08-20T19:01:11.677864539-04:00"
