dependencies:
- name: mysql
  repository: https://charts.bitnami.com/bitnami
  version: ~6.14.4
- name: nginx-ingress-controller
  repository: https://charts.bitnami.com/bitnami
  version: ~5.3.24
digest: sha256:add2026b698f58c48068551299fd6836e8b02bd0ace583ad512da8d864679b0a
generated: "2020-06-29T23:59:06.343159978-04:00"
