dependencies:
- name: mysql
  repository: https://charts.bitnami.com/bitnami
  version: 6.14.12
- name: redis
  repository: https://charts.bitnami.com/bitnami
  version: 10.7.17
digest: sha256:ca008f2bc6f9ca43e79a7d129e62186df4b64b71c0beb539c44466c9c1c03149
generated: "2020-12-13T06:28:54.049906179-05:00"
