dependencies:
- name: mysql
  repository: https://raw.githubusercontent.com/bitnami/charts/archive-full-index/bitnami
  version: 6.14.12
- name: redis
  repository: https://raw.githubusercontent.com/bitnami/charts/archive-full-index/bitnami
  version: 10.7.17
digest: sha256:8b75bda8d6399c9cb31a8dfcb4d65232dc4fca690f996b8cf44fe03b9003ab39
generated: "2022-07-20T13:53:15.179962532-04:00"
